
Microsoft Visual Studio Solution File, Format Version 12.00
# Visual Studio Version 17
VisualStudioVersion = 17.5.33516.290
MinimumVisualStudioVersion = 10.0.40219.1
Project("{FAE04EC0-301F-11D3-BF4B-00C04F79EFBC}") = "Lab4", "Lab4\Lab4.csproj", "{C99922DF-6F6F-422B-839F-0AF0C7D7476E}"
EndProject
Global
	GlobalSection(SolutionConfigurationPlatforms) = preSolution
		Debug|Any CPU = Debug|Any CPU
		Release|Any CPU = Release|Any CPU
	EndGlobalSection
	GlobalSection(ProjectConfigurationPlatforms) = postSolution
		{C99922DF-6F6F-422B-839F-0AF0C7D7476E}.Debug|Any CPU.ActiveCfg = Debug|Any CPU
		{C99922DF-6F6F-422B-839F-0AF0C7D7476E}.Debug|Any CPU.Build.0 = Debug|Any CPU
		{C99922DF-6F6F-422B-839F-0AF0C7D7476E}.Release|Any CPU.ActiveCfg = Release|Any CPU
		{C99922DF-6F6F-422B-839F-0AF0C7D7476E}.Release|Any CPU.Build.0 = Release|Any CPU
	EndGlobalSection
	GlobalSection(SolutionProperties) = preSolution
		HideSolutionNode = FALSE
	EndGlobalSection
	GlobalSection(ExtensibilityGlobals) = postSolution
		SolutionGuid = {FE9D1470-6D31-4E26-B6BA-BC57ABB9BD38}
	EndGlobalSection
EndGlobal
